
Microsoft Visual Studio Solution File, Format Version 12.00
# Visual Studio 15
VisualStudioVersion = 15.0.28307.168
MinimumVisualStudioVersion = 10.0.40219.1
Project("{FAE04EC0-301F-11D3-BF4B-00C04F79EFBC}") = "ShopCommon", "ShopCommon\ShopCommon.csproj", "{CAA1FBC8-F751-4554-9ADB-AEA2E94ED249}"
EndProject
Project("{2150E333-8FDC-42A3-9474-1A3956D46DE8}") = "Backend", "Backend", "{962B5388-752E-49BF-BD7E-B6B14BAFEC27}"
EndProject
Project("{2150E333-8FDC-42A3-9474-1A3956D46DE8}") = "Frontend", "Frontend", "{2D248043-A78C-4A27-9AD6-A3F27CD26CA0}"
EndProject
Project("{FAE04EC0-301F-11D3-BF4B-00C04F79EFBC}") = "ShopWeb", "ShopWeb\ShopWeb.csproj", "{096D0519-2F9D-48D8-8279-B1CE70CB8A92}"
EndProject
Project("{2150E333-8FDC-42A3-9474-1A3956D46DE8}") = "Forms", "Forms", "{A26CE2D5-637F-4E9E-A78B-888A966703FE}"
EndProject
Project("{2150E333-8FDC-42A3-9474-1A3956D46DE8}") = "Classic", "Classic", "{95250D1A-9E03-4470-88F0-5608A31A3C46}"
EndProject
Project("{FAE04EC0-301F-11D3-BF4B-00C04F79EFBC}") = "ShopUIForms.Android", "ShopUIForms\ShopUIForms.Android\ShopUIForms.Android.csproj", "{31FF694D-19A3-4787-9983-CC4064C0F371}"
EndProject
Project("{FAE04EC0-301F-11D3-BF4B-00C04F79EFBC}") = "ShopUIForms.iOS", "ShopUIForms\ShopUIForms.iOS\ShopUIForms.iOS.csproj", "{3CEC94C0-5DB9-47FB-90E1-2D066FAC6DE5}"
EndProject
Project("{FAE04EC0-301F-11D3-BF4B-00C04F79EFBC}") = "ShopUIForms", "ShopUIForms\ShopUIForms\ShopUIForms.csproj", "{F9634B9A-1438-42F8-B302-B0255A6DD1DB}"
EndProject
Project("{FAE04EC0-301F-11D3-BF4B-00C04F79EFBC}") = "ShopUIClassic", "ShopUIClassic\ShopUIClassic.csproj", "{DA05EEFB-13E5-46ED-9379-546015B0966E}"
EndProject
Project("{FAE04EC0-301F-11D3-BF4B-00C04F79EFBC}") = "ShopUIClassic.Android", "ShopUIClassic.Android\ShopUIClassic.Android.csproj", "{7B5F268C-EC95-4325-B4B1-7330996FAEDD}"
EndProject
Project("{FAE04EC0-301F-11D3-BF4B-00C04F79EFBC}") = "ShopUIClassic.IOS", "ShopUIClassic.IOS\ShopUIClassic.IOS.csproj", "{80A96B52-6758-4BDB-B0B4-CEA4CA155C60}"
EndProject
Global
	GlobalSection(SolutionConfigurationPlatforms) = preSolution
		Ad-Hoc|Any CPU = Ad-Hoc|Any CPU
		Ad-Hoc|iPhone = Ad-Hoc|iPhone
		Ad-Hoc|iPhoneSimulator = Ad-Hoc|iPhoneSimulator
		AppStore|Any CPU = AppStore|Any CPU
		AppStore|iPhone = AppStore|iPhone
		AppStore|iPhoneSimulator = AppStore|iPhoneSimulator
		Debug|Any CPU = Debug|Any CPU
		Debug|iPhone = Debug|iPhone
		Debug|iPhoneSimulator = Debug|iPhoneSimulator
		Release|Any CPU = Release|Any CPU
		Release|iPhone = Release|iPhone
		Release|iPhoneSimulator = Release|iPhoneSimulator
	EndGlobalSection
	GlobalSection(ProjectConfigurationPlatforms) = postSolution
		{CAA1FBC8-F751-4554-9ADB-AEA2E94ED249}.Ad-Hoc|Any CPU.ActiveCfg = Debug|Any CPU
		{CAA1FBC8-F751-4554-9ADB-AEA2E94ED249}.Ad-Hoc|Any CPU.Build.0 = Debug|Any CPU
		{CAA1FBC8-F751-4554-9ADB-AEA2E94ED249}.Ad-Hoc|iPhone.ActiveCfg = Debug|Any CPU
		{CAA1FBC8-F751-4554-9ADB-AEA2E94ED249}.Ad-Hoc|iPhone.Build.0 = Debug|Any CPU
		{CAA1FBC8-F751-4554-9ADB-AEA2E94ED249}.Ad-Hoc|iPhoneSimulator.ActiveCfg = Debug|Any CPU
		{CAA1FBC8-F751-4554-9ADB-AEA2E94ED249}.Ad-Hoc|iPhoneSimulator.Build.0 = Debug|Any CPU
		{CAA1FBC8-F751-4554-9ADB-AEA2E94ED249}.AppStore|Any CPU.ActiveCfg = Debug|Any CPU
		{CAA1FBC8-F751-4554-9ADB-AEA2E94ED249}.AppStore|Any CPU.Build.0 = Debug|Any CPU
		{CAA1FBC8-F751-4554-9ADB-AEA2E94ED249}.AppStore|iPhone.ActiveCfg = Debug|Any CPU
		{CAA1FBC8-F751-4554-9ADB-AEA2E94ED249}.AppStore|iPhone.Build.0 = Debug|Any CPU
		{CAA1FBC8-F751-4554-9ADB-AEA2E94ED249}.AppStore|iPhoneSimulator.ActiveCfg = Debug|Any CPU
		{CAA1FBC8-F751-4554-9ADB-AEA2E94ED249}.AppStore|iPhoneSimulator.Build.0 = Debug|Any CPU
		{CAA1FBC8-F751-4554-9ADB-AEA2E94ED249}.Debug|Any CPU.ActiveCfg = Debug|Any CPU
		{CAA1FBC8-F751-4554-9ADB-AEA2E94ED249}.Debug|Any CPU.Build.0 = Debug|Any CPU
		{CAA1FBC8-F751-4554-9ADB-AEA2E94ED249}.Debug|iPhone.ActiveCfg = Debug|Any CPU
		{CAA1FBC8-F751-4554-9ADB-AEA2E94ED249}.Debug|iPhone.Build.0 = Debug|Any CPU
		{CAA1FBC8-F751-4554-9ADB-AEA2E94ED249}.Debug|iPhoneSimulator.ActiveCfg = Debug|Any CPU
		{CAA1FBC8-F751-4554-9ADB-AEA2E94ED249}.Debug|iPhoneSimulator.Build.0 = Debug|Any CPU
		{CAA1FBC8-F751-4554-9ADB-AEA2E94ED249}.Release|Any CPU.ActiveCfg = Release|Any CPU
		{CAA1FBC8-F751-4554-9ADB-AEA2E94ED249}.Release|Any CPU.Build.0 = Release|Any CPU
		{CAA1FBC8-F751-4554-9ADB-AEA2E94ED249}.Release|iPhone.ActiveCfg = Release|Any CPU
		{CAA1FBC8-F751-4554-9ADB-AEA2E94ED249}.Release|iPhone.Build.0 = Release|Any CPU
		{CAA1FBC8-F751-4554-9ADB-AEA2E94ED249}.Release|iPhoneSimulator.ActiveCfg = Release|Any CPU
		{CAA1FBC8-F751-4554-9ADB-AEA2E94ED249}.Release|iPhoneSimulator.Build.0 = Release|Any CPU
		{096D0519-2F9D-48D8-8279-B1CE70CB8A92}.Ad-Hoc|Any CPU.ActiveCfg = Debug|Any CPU
		{096D0519-2F9D-48D8-8279-B1CE70CB8A92}.Ad-Hoc|Any CPU.Build.0 = Debug|Any CPU
		{096D0519-2F9D-48D8-8279-B1CE70CB8A92}.Ad-Hoc|iPhone.ActiveCfg = Debug|Any CPU
		{096D0519-2F9D-48D8-8279-B1CE70CB8A92}.Ad-Hoc|iPhone.Build.0 = Debug|Any CPU
		{096D0519-2F9D-48D8-8279-B1CE70CB8A92}.Ad-Hoc|iPhoneSimulator.ActiveCfg = Debug|Any CPU
		{096D0519-2F9D-48D8-8279-B1CE70CB8A92}.Ad-Hoc|iPhoneSimulator.Build.0 = Debug|Any CPU
		{096D0519-2F9D-48D8-8279-B1CE70CB8A92}.AppStore|Any CPU.ActiveCfg = Debug|Any CPU
		{096D0519-2F9D-48D8-8279-B1CE70CB8A92}.AppStore|Any CPU.Build.0 = Debug|Any CPU
		{096D0519-2F9D-48D8-8279-B1CE70CB8A92}.AppStore|iPhone.ActiveCfg = Debug|Any CPU
		{096D0519-2F9D-48D8-8279-B1CE70CB8A92}.AppStore|iPhone.Build.0 = Debug|Any CPU
		{096D0519-2F9D-48D8-8279-B1CE70CB8A92}.AppStore|iPhoneSimulator.ActiveCfg = Debug|Any CPU
		{096D0519-2F9D-48D8-8279-B1CE70CB8A92}.AppStore|iPhoneSimulator.Build.0 = Debug|Any CPU
		{096D0519-2F9D-48D8-8279-B1CE70CB8A92}.Debug|Any CPU.ActiveCfg = Debug|Any CPU
		{096D0519-2F9D-48D8-8279-B1CE70CB8A92}.Debug|Any CPU.Build.0 = Debug|Any CPU
		{096D0519-2F9D-48D8-8279-B1CE70CB8A92}.Debug|iPhone.ActiveCfg = Debug|Any CPU
		{096D0519-2F9D-48D8-8279-B1CE70CB8A92}.Debug|iPhone.Build.0 = Debug|Any CPU
		{096D0519-2F9D-48D8-8279-B1CE70CB8A92}.Debug|iPhoneSimulator.ActiveCfg = Debug|Any CPU
		{096D0519-2F9D-48D8-8279-B1CE70CB8A92}.Debug|iPhoneSimulator.Build.0 = Debug|Any CPU
		{096D0519-2F9D-48D8-8279-B1CE70CB8A92}.Release|Any CPU.ActiveCfg = Release|Any CPU
		{096D0519-2F9D-48D8-8279-B1CE70CB8A92}.Release|Any CPU.Build.0 = Release|Any CPU
		{096D0519-2F9D-48D8-8279-B1CE70CB8A92}.Release|iPhone.ActiveCfg = Release|Any CPU
		{096D0519-2F9D-48D8-8279-B1CE70CB8A92}.Release|iPhone.Build.0 = Release|Any CPU
		{096D0519-2F9D-48D8-8279-B1CE70CB8A92}.Release|iPhoneSimulator.ActiveCfg = Release|Any CPU
		{096D0519-2F9D-48D8-8279-B1CE70CB8A92}.Release|iPhoneSimulator.Build.0 = Release|Any CPU
		{31FF694D-19A3-4787-9983-CC4064C0F371}.Ad-Hoc|Any CPU.ActiveCfg = Release|Any CPU
		{31FF694D-19A3-4787-9983-CC4064C0F371}.Ad-Hoc|Any CPU.Build.0 = Release|Any CPU
		{31FF694D-19A3-4787-9983-CC4064C0F371}.Ad-Hoc|Any CPU.Deploy.0 = Release|Any CPU
		{31FF694D-19A3-4787-9983-CC4064C0F371}.Ad-Hoc|iPhone.ActiveCfg = Release|Any CPU
		{31FF694D-19A3-4787-9983-CC4064C0F371}.Ad-Hoc|iPhone.Build.0 = Release|Any CPU
		{31FF694D-19A3-4787-9983-CC4064C0F371}.Ad-Hoc|iPhone.Deploy.0 = Release|Any CPU
		{31FF694D-19A3-4787-9983-CC4064C0F371}.Ad-Hoc|iPhoneSimulator.ActiveCfg = Release|Any CPU
		{31FF694D-19A3-4787-9983-CC4064C0F371}.Ad-Hoc|iPhoneSimulator.Build.0 = Release|Any CPU
		{31FF694D-19A3-4787-9983-CC4064C0F371}.Ad-Hoc|iPhoneSimulator.Deploy.0 = Release|Any CPU
		{31FF694D-19A3-4787-9983-CC4064C0F371}.AppStore|Any CPU.ActiveCfg = Release|Any CPU
		{31FF694D-19A3-4787-9983-CC4064C0F371}.AppStore|Any CPU.Build.0 = Release|Any CPU
		{31FF694D-19A3-4787-9983-CC4064C0F371}.AppStore|Any CPU.Deploy.0 = Release|Any CPU
		{31FF694D-19A3-4787-9983-CC4064C0F371}.AppStore|iPhone.ActiveCfg = Release|Any CPU
		{31FF694D-19A3-4787-9983-CC4064C0F371}.AppStore|iPhone.Build.0 = Release|Any CPU
		{31FF694D-19A3-4787-9983-CC4064C0F371}.AppStore|iPhone.Deploy.0 = Release|Any CPU
		{31FF694D-19A3-4787-9983-CC4064C0F371}.AppStore|iPhoneSimulator.ActiveCfg = Release|Any CPU
		{31FF694D-19A3-4787-9983-CC4064C0F371}.AppStore|iPhoneSimulator.Build.0 = Release|Any CPU
		{31FF694D-19A3-4787-9983-CC4064C0F371}.AppStore|iPhoneSimulator.Deploy.0 = Release|Any CPU
		{31FF694D-19A3-4787-9983-CC4064C0F371}.Debug|Any CPU.ActiveCfg = Debug|Any CPU
		{31FF694D-19A3-4787-9983-CC4064C0F371}.Debug|Any CPU.Build.0 = Debug|Any CPU
		{31FF694D-19A3-4787-9983-CC4064C0F371}.Debug|Any CPU.Deploy.0 = Debug|Any CPU
		{31FF694D-19A3-4787-9983-CC4064C0F371}.Debug|iPhone.ActiveCfg = Debug|Any CPU
		{31FF694D-19A3-4787-9983-CC4064C0F371}.Debug|iPhone.Build.0 = Debug|Any CPU
		{31FF694D-19A3-4787-9983-CC4064C0F371}.Debug|iPhone.Deploy.0 = Debug|Any CPU
		{31FF694D-19A3-4787-9983-CC4064C0F371}.Debug|iPhoneSimulator.ActiveCfg = Debug|Any CPU
		{31FF694D-19A3-4787-9983-CC4064C0F371}.Debug|iPhoneSimulator.Build.0 = Debug|Any CPU
		{31FF694D-19A3-4787-9983-CC4064C0F371}.Debug|iPhoneSimulator.Deploy.0 = Debug|Any CPU
		{31FF694D-19A3-4787-9983-CC4064C0F371}.Release|Any CPU.ActiveCfg = Release|Any CPU
		{31FF694D-19A3-4787-9983-CC4064C0F371}.Release|Any CPU.Build.0 = Release|Any CPU
		{31FF694D-19A3-4787-9983-CC4064C0F371}.Release|Any CPU.Deploy.0 = Release|Any CPU
		{31FF694D-19A3-4787-9983-CC4064C0F371}.Release|iPhone.ActiveCfg = Release|Any CPU
		{31FF694D-19A3-4787-9983-CC4064C0F371}.Release|iPhone.Build.0 = Release|Any CPU
		{31FF694D-19A3-4787-9983-CC4064C0F371}.Release|iPhone.Deploy.0 = Release|Any CPU
		{31FF694D-19A3-4787-9983-CC4064C0F371}.Release|iPhoneSimulator.ActiveCfg = Release|Any CPU
		{31FF694D-19A3-4787-9983-CC4064C0F371}.Release|iPhoneSimulator.Build.0 = Release|Any CPU
		{31FF694D-19A3-4787-9983-CC4064C0F371}.Release|iPhoneSimulator.Deploy.0 = Release|Any CPU
		{3CEC94C0-5DB9-47FB-90E1-2D066FAC6DE5}.Ad-Hoc|Any CPU.ActiveCfg = Ad-Hoc|iPhone
		{3CEC94C0-5DB9-47FB-90E1-2D066FAC6DE5}.Ad-Hoc|iPhone.ActiveCfg = Ad-Hoc|iPhone
		{3CEC94C0-5DB9-47FB-90E1-2D066FAC6DE5}.Ad-Hoc|iPhone.Build.0 = Ad-Hoc|iPhone
		{3CEC94C0-5DB9-47FB-90E1-2D066FAC6DE5}.Ad-Hoc|iPhoneSimulator.ActiveCfg = Ad-Hoc|iPhoneSimulator
		{3CEC94C0-5DB9-47FB-90E1-2D066FAC6DE5}.Ad-Hoc|iPhoneSimulator.Build.0 = Ad-Hoc|iPhoneSimulator
		{3CEC94C0-5DB9-47FB-90E1-2D066FAC6DE5}.AppStore|Any CPU.ActiveCfg = AppStore|iPhone
		{3CEC94C0-5DB9-47FB-90E1-2D066FAC6DE5}.AppStore|iPhone.ActiveCfg = AppStore|iPhone
		{3CEC94C0-5DB9-47FB-90E1-2D066FAC6DE5}.AppStore|iPhone.Build.0 = AppStore|iPhone
		{3CEC94C0-5DB9-47FB-90E1-2D066FAC6DE5}.AppStore|iPhoneSimulator.ActiveCfg = AppStore|iPhoneSimulator
		{3CEC94C0-5DB9-47FB-90E1-2D066FAC6DE5}.AppStore|iPhoneSimulator.Build.0 = AppStore|iPhoneSimulator
		{3CEC94C0-5DB9-47FB-90E1-2D066FAC6DE5}.Debug|Any CPU.ActiveCfg = Debug|iPhone
		{3CEC94C0-5DB9-47FB-90E1-2D066FAC6DE5}.Debug|iPhone.ActiveCfg = Debug|iPhone
		{3CEC94C0-5DB9-47FB-90E1-2D066FAC6DE5}.Debug|iPhone.Build.0 = Debug|iPhone
		{3CEC94C0-5DB9-47FB-90E1-2D066FAC6DE5}.Debug|iPhoneSimulator.ActiveCfg = Debug|iPhoneSimulator
		{3CEC94C0-5DB9-47FB-90E1-2D066FAC6DE5}.Debug|iPhoneSimulator.Build.0 = Debug|iPhoneSimulator
		{3CEC94C0-5DB9-47FB-90E1-2D066FAC6DE5}.Release|Any CPU.ActiveCfg = Release|iPhone
		{3CEC94C0-5DB9-47FB-90E1-2D066FAC6DE5}.Release|iPhone.ActiveCfg = Release|iPhone
		{3CEC94C0-5DB9-47FB-90E1-2D066FAC6DE5}.Release|iPhone.Build.0 = Release|iPhone
		{3CEC94C0-5DB9-47FB-90E1-2D066FAC6DE5}.Release|iPhoneSimulator.ActiveCfg = Release|iPhoneSimulator
		{3CEC94C0-5DB9-47FB-90E1-2D066FAC6DE5}.Release|iPhoneSimulator.Build.0 = Release|iPhoneSimulator
		{F9634B9A-1438-42F8-B302-B0255A6DD1DB}.Ad-Hoc|Any CPU.ActiveCfg = Debug|Any CPU
		{F9634B9A-1438-42F8-B302-B0255A6DD1DB}.Ad-Hoc|Any CPU.Build.0 = Debug|Any CPU
		{F9634B9A-1438-42F8-B302-B0255A6DD1DB}.Ad-Hoc|iPhone.ActiveCfg = Debug|Any CPU
		{F9634B9A-1438-42F8-B302-B0255A6DD1DB}.Ad-Hoc|iPhone.Build.0 = Debug|Any CPU
		{F9634B9A-1438-42F8-B302-B0255A6DD1DB}.Ad-Hoc|iPhoneSimulator.ActiveCfg = Debug|Any CPU
		{F9634B9A-1438-42F8-B302-B0255A6DD1DB}.Ad-Hoc|iPhoneSimulator.Build.0 = Debug|Any CPU
		{F9634B9A-1438-42F8-B302-B0255A6DD1DB}.AppStore|Any CPU.ActiveCfg = Debug|Any CPU
		{F9634B9A-1438-42F8-B302-B0255A6DD1DB}.AppStore|Any CPU.Build.0 = Debug|Any CPU
		{F9634B9A-1438-42F8-B302-B0255A6DD1DB}.AppStore|iPhone.ActiveCfg = Debug|Any CPU
		{F9634B9A-1438-42F8-B302-B0255A6DD1DB}.AppStore|iPhone.Build.0 = Debug|Any CPU
		{F9634B9A-1438-42F8-B302-B0255A6DD1DB}.AppStore|iPhoneSimulator.ActiveCfg = Debug|Any CPU
		{F9634B9A-1438-42F8-B302-B0255A6DD1DB}.AppStore|iPhoneSimulator.Build.0 = Debug|Any CPU
		{F9634B9A-1438-42F8-B302-B0255A6DD1DB}.Debug|Any CPU.ActiveCfg = Debug|Any CPU
		{F9634B9A-1438-42F8-B302-B0255A6DD1DB}.Debug|Any CPU.Build.0 = Debug|Any CPU
		{F9634B9A-1438-42F8-B302-B0255A6DD1DB}.Debug|iPhone.ActiveCfg = Debug|Any CPU
		{F9634B9A-1438-42F8-B302-B0255A6DD1DB}.Debug|iPhone.Build.0 = Debug|Any CPU
		{F9634B9A-1438-42F8-B302-B0255A6DD1DB}.Debug|iPhoneSimulator.ActiveCfg = Debug|Any CPU
		{F9634B9A-1438-42F8-B302-B0255A6DD1DB}.Debug|iPhoneSimulator.Build.0 = Debug|Any CPU
		{F9634B9A-1438-42F8-B302-B0255A6DD1DB}.Release|Any CPU.ActiveCfg = Release|Any CPU
		{F9634B9A-1438-42F8-B302-B0255A6DD1DB}.Release|Any CPU.Build.0 = Release|Any CPU
		{F9634B9A-1438-42F8-B302-B0255A6DD1DB}.Release|iPhone.ActiveCfg = Release|Any CPU
		{F9634B9A-1438-42F8-B302-B0255A6DD1DB}.Release|iPhone.Build.0 = Release|Any CPU
		{F9634B9A-1438-42F8-B302-B0255A6DD1DB}.Release|iPhoneSimulator.ActiveCfg = Release|Any CPU
		{F9634B9A-1438-42F8-B302-B0255A6DD1DB}.Release|iPhoneSimulator.Build.0 = Release|Any CPU
		{DA05EEFB-13E5-46ED-9379-546015B0966E}.Ad-Hoc|Any CPU.ActiveCfg = Debug|Any CPU
		{DA05EEFB-13E5-46ED-9379-546015B0966E}.Ad-Hoc|Any CPU.Build.0 = Debug|Any CPU
		{DA05EEFB-13E5-46ED-9379-546015B0966E}.Ad-Hoc|iPhone.ActiveCfg = Debug|Any CPU
		{DA05EEFB-13E5-46ED-9379-546015B0966E}.Ad-Hoc|iPhone.Build.0 = Debug|Any CPU
		{DA05EEFB-13E5-46ED-9379-546015B0966E}.Ad-Hoc|iPhoneSimulator.ActiveCfg = Debug|Any CPU
		{DA05EEFB-13E5-46ED-9379-546015B0966E}.Ad-Hoc|iPhoneSimulator.Build.0 = Debug|Any CPU
		{DA05EEFB-13E5-46ED-9379-546015B0966E}.AppStore|Any CPU.ActiveCfg = Debug|Any CPU
		{DA05EEFB-13E5-46ED-9379-546015B0966E}.AppStore|Any CPU.Build.0 = Debug|Any CPU
		{DA05EEFB-13E5-46ED-9379-546015B0966E}.AppStore|iPhone.ActiveCfg = Debug|Any CPU
		{DA05EEFB-13E5-46ED-9379-546015B0966E}.AppStore|iPhone.Build.0 = Debug|Any CPU
		{DA05EEFB-13E5-46ED-9379-546015B0966E}.AppStore|iPhoneSimulator.ActiveCfg = Debug|Any CPU
		{DA05EEFB-13E5-46ED-9379-546015B0966E}.AppStore|iPhoneSimulator.Build.0 = Debug|Any CPU
		{DA05EEFB-13E5-46ED-9379-546015B0966E}.Debug|Any CPU.ActiveCfg = Debug|Any CPU
		{DA05EEFB-13E5-46ED-9379-546015B0966E}.Debug|Any CPU.Build.0 = Debug|Any CPU
		{DA05EEFB-13E5-46ED-9379-546015B0966E}.Debug|iPhone.ActiveCfg = Debug|Any CPU
		{DA05EEFB-13E5-46ED-9379-546015B0966E}.Debug|iPhone.Build.0 = Debug|Any CPU
		{DA05EEFB-13E5-46ED-9379-546015B0966E}.Debug|iPhoneSimulator.ActiveCfg = Debug|Any CPU
		{DA05EEFB-13E5-46ED-9379-546015B0966E}.Debug|iPhoneSimulator.Build.0 = Debug|Any CPU
		{DA05EEFB-13E5-46ED-9379-546015B0966E}.Release|Any CPU.ActiveCfg = Release|Any CPU
		{DA05EEFB-13E5-46ED-9379-546015B0966E}.Release|Any CPU.Build.0 = Release|Any CPU
		{DA05EEFB-13E5-46ED-9379-546015B0966E}.Release|iPhone.ActiveCfg = Release|Any CPU
		{DA05EEFB-13E5-46ED-9379-546015B0966E}.Release|iPhone.Build.0 = Release|Any CPU
		{DA05EEFB-13E5-46ED-9379-546015B0966E}.Release|iPhoneSimulator.ActiveCfg = Release|Any CPU
		{DA05EEFB-13E5-46ED-9379-546015B0966E}.Release|iPhoneSimulator.Build.0 = Release|Any CPU
		{7B5F268C-EC95-4325-B4B1-7330996FAEDD}.Ad-Hoc|Any CPU.ActiveCfg = Release|Any CPU
		{7B5F268C-EC95-4325-B4B1-7330996FAEDD}.Ad-Hoc|Any CPU.Build.0 = Release|Any CPU
		{7B5F268C-EC95-4325-B4B1-7330996FAEDD}.Ad-Hoc|Any CPU.Deploy.0 = Release|Any CPU
		{7B5F268C-EC95-4325-B4B1-7330996FAEDD}.Ad-Hoc|iPhone.ActiveCfg = Release|Any CPU
		{7B5F268C-EC95-4325-B4B1-7330996FAEDD}.Ad-Hoc|iPhone.Build.0 = Release|Any CPU
		{7B5F268C-EC95-4325-B4B1-7330996FAEDD}.Ad-Hoc|iPhone.Deploy.0 = Release|Any CPU
		{7B5F268C-EC95-4325-B4B1-7330996FAEDD}.Ad-Hoc|iPhoneSimulator.ActiveCfg = Release|Any CPU
		{7B5F268C-EC95-4325-B4B1-7330996FAEDD}.Ad-Hoc|iPhoneSimulator.Build.0 = Release|Any CPU
		{7B5F268C-EC95-4325-B4B1-7330996FAEDD}.Ad-Hoc|iPhoneSimulator.Deploy.0 = Release|Any CPU
		{7B5F268C-EC95-4325-B4B1-7330996FAEDD}.AppStore|Any CPU.ActiveCfg = Release|Any CPU
		{7B5F268C-EC95-4325-B4B1-7330996FAEDD}.AppStore|Any CPU.Build.0 = Release|Any CPU
		{7B5F268C-EC95-4325-B4B1-7330996FAEDD}.AppStore|Any CPU.Deploy.0 = Release|Any CPU
		{7B5F268C-EC95-4325-B4B1-7330996FAEDD}.AppStore|iPhone.ActiveCfg = Release|Any CPU
		{7B5F268C-EC95-4325-B4B1-7330996FAEDD}.AppStore|iPhone.Build.0 = Release|Any CPU
		{7B5F268C-EC95-4325-B4B1-7330996FAEDD}.AppStore|iPhone.Deploy.0 = Release|Any CPU
		{7B5F268C-EC95-4325-B4B1-7330996FAEDD}.AppStore|iPhoneSimulator.ActiveCfg = Release|Any CPU
		{7B5F268C-EC95-4325-B4B1-7330996FAEDD}.AppStore|iPhoneSimulator.Build.0 = Release|Any CPU
		{7B5F268C-EC95-4325-B4B1-7330996FAEDD}.AppStore|iPhoneSimulator.Deploy.0 = Release|Any CPU
		{7B5F268C-EC95-4325-B4B1-7330996FAEDD}.Debug|Any CPU.ActiveCfg = Debug|Any CPU
		{7B5F268C-EC95-4325-B4B1-7330996FAEDD}.Debug|Any CPU.Build.0 = Debug|Any CPU
		{7B5F268C-EC95-4325-B4B1-7330996FAEDD}.Debug|Any CPU.Deploy.0 = Debug|Any CPU
		{7B5F268C-EC95-4325-B4B1-7330996FAEDD}.Debug|iPhone.ActiveCfg = Debug|Any CPU
		{7B5F268C-EC95-4325-B4B1-7330996FAEDD}.Debug|iPhone.Build.0 = Debug|Any CPU
		{7B5F268C-EC95-4325-B4B1-7330996FAEDD}.Debug|iPhone.Deploy.0 = Debug|Any CPU
		{7B5F268C-EC95-4325-B4B1-7330996FAEDD}.Debug|iPhoneSimulator.ActiveCfg = Debug|Any CPU
		{7B5F268C-EC95-4325-B4B1-7330996FAEDD}.Debug|iPhoneSimulator.Build.0 = Debug|Any CPU
		{7B5F268C-EC95-4325-B4B1-7330996FAEDD}.Debug|iPhoneSimulator.Deploy.0 = Debug|Any CPU
		{7B5F268C-EC95-4325-B4B1-7330996FAEDD}.Release|Any CPU.ActiveCfg = Release|Any CPU
		{7B5F268C-EC95-4325-B4B1-7330996FAEDD}.Release|Any CPU.Build.0 = Release|Any CPU
		{7B5F268C-EC95-4325-B4B1-7330996FAEDD}.Release|Any CPU.Deploy.0 = Release|Any CPU
		{7B5F268C-EC95-4325-B4B1-7330996FAEDD}.Release|iPhone.ActiveCfg = Release|Any CPU
		{7B5F268C-EC95-4325-B4B1-7330996FAEDD}.Release|iPhone.Build.0 = Release|Any CPU
		{7B5F268C-EC95-4325-B4B1-7330996FAEDD}.Release|iPhone.Deploy.0 = Release|Any CPU
		{7B5F268C-EC95-4325-B4B1-7330996FAEDD}.Release|iPhoneSimulator.ActiveCfg = Release|Any CPU
		{7B5F268C-EC95-4325-B4B1-7330996FAEDD}.Release|iPhoneSimulator.Build.0 = Release|Any CPU
		{7B5F268C-EC95-4325-B4B1-7330996FAEDD}.Release|iPhoneSimulator.Deploy.0 = Release|Any CPU
		{80A96B52-6758-4BDB-B0B4-CEA4CA155C60}.Ad-Hoc|Any CPU.ActiveCfg = Release|iPhone
		{80A96B52-6758-4BDB-B0B4-CEA4CA155C60}.Ad-Hoc|Any CPU.Build.0 = Release|iPhone
		{80A96B52-6758-4BDB-B0B4-CEA4CA155C60}.Ad-Hoc|iPhone.ActiveCfg = Release|iPhone
		{80A96B52-6758-4BDB-B0B4-CEA4CA155C60}.Ad-Hoc|iPhone.Build.0 = Release|iPhone
		{80A96B52-6758-4BDB-B0B4-CEA4CA155C60}.Ad-Hoc|iPhoneSimulator.ActiveCfg = Release|iPhoneSimulator
		{80A96B52-6758-4BDB-B0B4-CEA4CA155C60}.Ad-Hoc|iPhoneSimulator.Build.0 = Release|iPhoneSimulator
		{80A96B52-6758-4BDB-B0B4-CEA4CA155C60}.AppStore|Any CPU.ActiveCfg = Release|iPhone
		{80A96B52-6758-4BDB-B0B4-CEA4CA155C60}.AppStore|Any CPU.Build.0 = Release|iPhone
		{80A96B52-6758-4BDB-B0B4-CEA4CA155C60}.AppStore|iPhone.ActiveCfg = Release|iPhone
		{80A96B52-6758-4BDB-B0B4-CEA4CA155C60}.AppStore|iPhone.Build.0 = Release|iPhone
		{80A96B52-6758-4BDB-B0B4-CEA4CA155C60}.AppStore|iPhoneSimulator.ActiveCfg = Release|iPhoneSimulator
		{80A96B52-6758-4BDB-B0B4-CEA4CA155C60}.AppStore|iPhoneSimulator.Build.0 = Release|iPhoneSimulator
		{80A96B52-6758-4BDB-B0B4-CEA4CA155C60}.Debug|Any CPU.ActiveCfg = Debug|iPhone
		{80A96B52-6758-4BDB-B0B4-CEA4CA155C60}.Debug|iPhone.ActiveCfg = Debug|iPhone
		{80A96B52-6758-4BDB-B0B4-CEA4CA155C60}.Debug|iPhone.Build.0 = Debug|iPhone
		{80A96B52-6758-4BDB-B0B4-CEA4CA155C60}.Debug|iPhoneSimulator.ActiveCfg = Debug|iPhoneSimulator
		{80A96B52-6758-4BDB-B0B4-CEA4CA155C60}.Debug|iPhoneSimulator.Build.0 = Debug|iPhoneSimulator
		{80A96B52-6758-4BDB-B0B4-CEA4CA155C60}.Release|Any CPU.ActiveCfg = Release|iPhone
		{80A96B52-6758-4BDB-B0B4-CEA4CA155C60}.Release|iPhone.ActiveCfg = Release|iPhone
		{80A96B52-6758-4BDB-B0B4-CEA4CA155C60}.Release|iPhone.Build.0 = Release|iPhone
		{80A96B52-6758-4BDB-B0B4-CEA4CA155C60}.Release|iPhoneSimulator.ActiveCfg = Release|iPhoneSimulator
		{80A96B52-6758-4BDB-B0B4-CEA4CA155C60}.Release|iPhoneSimulator.Build.0 = Release|iPhoneSimulator
	EndGlobalSection
	GlobalSection(SolutionProperties) = preSolution
		HideSolutionNode = FALSE
	EndGlobalSection
	GlobalSection(NestedProjects) = preSolution
		{096D0519-2F9D-48D8-8279-B1CE70CB8A92} = {962B5388-752E-49BF-BD7E-B6B14BAFEC27}
		{A26CE2D5-637F-4E9E-A78B-888A966703FE} = {2D248043-A78C-4A27-9AD6-A3F27CD26CA0}
		{95250D1A-9E03-4470-88F0-5608A31A3C46} = {2D248043-A78C-4A27-9AD6-A3F27CD26CA0}
		{31FF694D-19A3-4787-9983-CC4064C0F371} = {A26CE2D5-637F-4E9E-A78B-888A966703FE}
		{3CEC94C0-5DB9-47FB-90E1-2D066FAC6DE5} = {A26CE2D5-637F-4E9E-A78B-888A966703FE}
		{F9634B9A-1438-42F8-B302-B0255A6DD1DB} = {A26CE2D5-637F-4E9E-A78B-888A966703FE}
		{DA05EEFB-13E5-46ED-9379-546015B0966E} = {95250D1A-9E03-4470-88F0-5608A31A3C46}
		{7B5F268C-EC95-4325-B4B1-7330996FAEDD} = {95250D1A-9E03-4470-88F0-5608A31A3C46}
		{80A96B52-6758-4BDB-B0B4-CEA4CA155C60} = {95250D1A-9E03-4470-88F0-5608A31A3C46}
	EndGlobalSection
	GlobalSection(ExtensibilityGlobals) = postSolution
		SolutionGuid = {D30437C0-F197-4DE0-A28F-71AD8E0A64AD}
	EndGlobalSection
EndGlobal
